{
  "name": "hatch-automata",
  "version": "1.0.0",
  "lockfileVersion": 3,
  "requires": true,
  "packages": {
    "": {
      "version": "1.0.0",
      "license": "MIT",
      "dependencies": {
        "chromotome": "^1.6.2",
        "dat.gui": "^0.7.6",
        "isometric-automata": "^1.2.0"
      },
      "devDependencies": {
        "rollup": "^3.30.0",
        "rollup-plugin-node-resolve": "^3.4.0"
      }
    },
    "node_modules/builtin-modules": {
      "version": "2.0.0",
      "resolved": "https://registry.npmjs.org/builtin-modules/-/builtin-modules-2.0.0.tgz",
      "integrity": "sha512-3U5kUA5VPsRUA3nofm/BXX7GVHKfxz0hOBAPxXrIvHzlDRkQVqEn6yi8QJegxl4LzOHLdvb7XF5dVawa/VVYBg==",
      "dev": true,
      "engines": {
        "node": ">=4"
      }
    },
    "node_modules/chromotome": {
      "version": "1.6.2",
      "resolved": "https://registry.npmjs.org/chromotome/-/chromotome-1.6.2.tgz",
      "integrity": "sha512-CRlgqa8SijVms4d+WMh23U1ZKvKFgDinGLZyfhkH4k4UqPMLti4M0dXjGtRSKkst9o4snch4VdDqCUTuESS2Rw=="
    },
    "node_modules/dat.gui": {
      "version": "0.7.6",
      "resolved": "https://registry.npmjs.org/dat.gui/-/dat.gui-0.7.6.tgz",
      "integrity": "sha512-9Uqr4aQUvp9q5P2b4y6gK604HXafubOq578OmOS8mjrIkYrBP4EbQ9gz9YRXgyPh7aQi+b9H/jAG7EucmhYpSA=="
    },
    "node_modules/fsevents": {
      "version": "2.3.3",
      "resolved": "https://registry.npmjs.org/fsevents/-/fsevents-2.3.3.tgz",
      "integrity": "sha512-5xoDfX+fL7faATnagmWPpbFtwh/R77WmMMqqHGS65C3vvB0YHrgF+B1YmZ3441tMj5n63k0212XNoJwzlhffQw==",
      "dev": true,
      "hasInstallScript": true,
      "optional": true,
      "os": [
        "darwin"
      ],
      "engines": {
        "node": "^8.16.0 || ^10.6.0 || >=11.0.0"
      }
    },
    "node_modules/is-module": {
      "version": "1.0.0",
      "resolved": "https://registry.npmjs.org/is-module/-/is-module-1.0.0.tgz",
      "integrity": "sha1-Mlj7afeMFNW4FdZkM2tM/7ZEFZE=",
      "dev": true
    },
    "node_modules/isometric-automata": {
      "version": "1.2.0",
      "resolved": "https://registry.npmjs.org/isometric-automata/-/isometric-automata-1.2.0.tgz",
      "integrity": "sha512-Bba6bK4+2rFnsPYq5OJFBms0YZVkPNSWAzZMkNEdAgPXlL8LwwxJF+CJ1BXMHY1XBwCL1Bhgasr9nQpvjAExAw==",
      "dependencies": {
        "seed-random": "^2.2.0"
      }
    },
    "node_modules/path-parse": {
      "version": "1.0.7",
      "resolved": "https://registry.npmjs.org/path-parse/-/path-parse-1.0.7.tgz",
      "integrity": "sha512-LDJzPVEEEPR+y48z93A0Ed0yXb8pAByGWo/k5YYdYgpY2/2EsOsksJrq7lOHxryrVOn1ejG6oAp8ahvOIQD8sw==",
      "dev": true
    },
    "node_modules/resolve": {
      "version": "1.8.1",
      "resolved": "https://registry.npmjs.org/resolve/-/resolve-1.8.1.tgz",
      "integrity": "sha512-AicPrAC7Qu1JxPCZ9ZgCZlY35QgFnNqc+0LtbRNxnVw4TXvjQ72wnuL9JQcEBgXkI9JM8MsT9kaQoHcpCRJOYA==",
      "dev": true,
      "dependencies": {
        "path-parse": "^1.0.5"
      }
    },
    "node_modules/rollup": {
      "version": "3.30.0",
      "resolved": "https://registry.npmjs.org/rollup/-/rollup-3.30.0.tgz",
      "integrity": "sha512-kQvGasUgN+AlWGliFn2POSajRQEsULVYFGTvOZmK06d7vCD+YhZztt70kGk3qaeAXeWYL5eO7zx+rAubBc55eA==",
      "dev": true,
      "license": "MIT",
      "bin": {
        "rollup": "dist/bin/rollup"
      },
      "engines": {
        "node": ">=14.18.0",
        "npm": ">=8.0.0"
      },
      "optionalDependencies": {
        "fsevents": "~2.3.2"
      }
    },
    "node_modules/rollup-plugin-node-resolve": {
      "version": "3.4.0",
      "resolved": "https://registry.npmjs.org/rollup-plugin-node-resolve/-/rollup-plugin-node-resolve-3.4.0.tgz",
      "integrity": "sha512-PJcd85dxfSBWih84ozRtBkB731OjXk0KnzN0oGp7WOWcarAFkVa71cV5hTJg2qpVsV2U8EUwrzHP3tvy9vS3qg==",
      "deprecated": "This package has been deprecated and is no longer maintained. Please use @rollup/plugin-node-resolve.",
      "dev": true,
      "dependencies": {
        "builtin-modules": "^2.0.0",
        "is-module": "^1.0.0",
        "resolve": "^1.1.6"
      }
    },
    "node_modules/seed-random": {
      "version": "2.2.0",
      "resolved": "https://registry.npmjs.org/seed-random/-/seed-random-2.2.0.tgz",
      "integrity": "sha1-KpsZ4lCoFwmSMaW5mk2vgLf77VQ="
    }
  }
}
